
Microsoft Visual Studio Solution File, Format Version 12.00
# Visual Studio Version 17
VisualStudioVersion = 17.14.36429.23 d17.14
MinimumVisualStudioVersion = 10.0.40219.1
Project("{FAE04EC0-301F-11D3-BF4B-00C04F79EFBC}") = "Frontend_12102025", "Frontend_12102025\Frontend_12102025.csproj", "{27613A25-D863-4E22-BB47-33EF9E369A9B}"
EndProject
Global
	GlobalSection(SolutionConfigurationPlatforms) = preSolution
		Debug|Any CPU = Debug|Any CPU
		Release|Any CPU = Release|Any CPU
	EndGlobalSection
	GlobalSection(ProjectConfigurationPlatforms) = postSolution
		{27613A25-D863-4E22-BB47-33EF9E369A9B}.Debug|Any CPU.ActiveCfg = Debug|Any CPU
		{27613A25-D863-4E22-BB47-33EF9E369A9B}.Debug|Any CPU.Build.0 = Debug|Any CPU
		{27613A25-D863-4E22-BB47-33EF9E369A9B}.Release|Any CPU.ActiveCfg = Release|Any CPU
		{27613A25-D863-4E22-BB47-33EF9E369A9B}.Release|Any CPU.Build.0 = Release|Any CPU
	EndGlobalSection
	GlobalSection(SolutionProperties) = preSolution
		HideSolutionNode = FALSE
	EndGlobalSection
	GlobalSection(ExtensibilityGlobals) = postSolution
		SolutionGuid = {05BB1646-EB33-4A1B-BA5F-B24B636A8EEB}
	EndGlobalSection
EndGlobal
